
Microsoft Visual Studio Solution File, Format Version 12.00
# Visual Studio Version 17
VisualStudioVersion = 17.1.32328.378
MinimumVisualStudioVersion = 10.0.40219.1
Project("{FAE04EC0-301F-11D3-BF4B-00C04F79EFBC}") = "Day-13 Generic", "Day-13 Generic\Day-13 Generic.csproj", "{C934F016-81CE-4640-A394-5F69DF55FD5B}"
EndProject
Global
	GlobalSection(SolutionConfigurationPlatforms) = preSolution
		Debug|Any CPU = Debug|Any CPU
		Release|Any CPU = Release|Any CPU
	EndGlobalSection
	GlobalSection(ProjectConfigurationPlatforms) = postSolution
		{C934F016-81CE-4640-A394-5F69DF55FD5B}.Debug|Any CPU.ActiveCfg = Debug|Any CPU
		{C934F016-81CE-4640-A394-5F69DF55FD5B}.Debug|Any CPU.Build.0 = Debug|Any CPU
		{C934F016-81CE-4640-A394-5F69DF55FD5B}.Release|Any CPU.ActiveCfg = Release|Any CPU
		{C934F016-81CE-4640-A394-5F69DF55FD5B}.Release|Any CPU.Build.0 = Release|Any CPU
	EndGlobalSection
	GlobalSection(SolutionProperties) = preSolution
		HideSolutionNode = FALSE
	EndGlobalSection
	GlobalSection(ExtensibilityGlobals) = postSolution
		SolutionGuid = {4ECCC193-EC69-456A-8AB6-DB864D61B2A8}
	EndGlobalSection
EndGlobal
